
Microsoft Visual Studio Solution File, Format Version 12.00
# Visual Studio Version 17
VisualStudioVersion = 17.0.31903.59
MinimumVisualStudioVersion = 10.0.40219.1
Project("{FAE04EC0-301F-11D3-BF4B-00C04F79EFBC}") = "EntityLayer", "EntityLayer\EntityLayer.csproj", "{44809FC9-795A-4F60-A132-BD70BAE07759}"
EndProject
Project("{FAE04EC0-301F-11D3-BF4B-00C04F79EFBC}") = "DataAccessLayer", "DataAccessLayer\DataAccessLayer.csproj", "{6C391594-AB2F-4BC4-9848-3CB8373854DD}"
EndProject
Project("{FAE04EC0-301F-11D3-BF4B-00C04F79EFBC}") = "BusinessLayer", "BusinessLayer\BusinessLayer.csproj", "{ED2AA561-7BA4-4B71-A86E-82CA577DF5B6}"
EndProject
Project("{FAE04EC0-301F-11D3-BF4B-00C04F79EFBC}") = "PresentationLayer", "PresentationLayer\PresentationLayer.csproj", "{5F3408D0-C9A8-41DC-91A6-570EBC91B53A}"
EndProject
Global
	GlobalSection(SolutionConfigurationPlatforms) = preSolution
		Debug|Any CPU = Debug|Any CPU
		Release|Any CPU = Release|Any CPU
	EndGlobalSection
	GlobalSection(SolutionProperties) = preSolution
		HideSolutionNode = FALSE
	EndGlobalSection
	GlobalSection(ProjectConfigurationPlatforms) = postSolution
		{44809FC9-795A-4F60-A132-BD70BAE07759}.Debug|Any CPU.ActiveCfg = Debug|Any CPU
		{44809FC9-795A-4F60-A132-BD70BAE07759}.Debug|Any CPU.Build.0 = Debug|Any CPU
		{44809FC9-795A-4F60-A132-BD70BAE07759}.Release|Any CPU.ActiveCfg = Release|Any CPU
		{44809FC9-795A-4F60-A132-BD70BAE07759}.Release|Any CPU.Build.0 = Release|Any CPU
		{6C391594-AB2F-4BC4-9848-3CB8373854DD}.Debug|Any CPU.ActiveCfg = Debug|Any CPU
		{6C391594-AB2F-4BC4-9848-3CB8373854DD}.Debug|Any CPU.Build.0 = Debug|Any CPU
		{6C391594-AB2F-4BC4-9848-3CB8373854DD}.Release|Any CPU.ActiveCfg = Release|Any CPU
		{6C391594-AB2F-4BC4-9848-3CB8373854DD}.Release|Any CPU.Build.0 = Release|Any CPU
		{ED2AA561-7BA4-4B71-A86E-82CA577DF5B6}.Debug|Any CPU.ActiveCfg = Debug|Any CPU
		{ED2AA561-7BA4-4B71-A86E-82CA577DF5B6}.Debug|Any CPU.Build.0 = Debug|Any CPU
		{ED2AA561-7BA4-4B71-A86E-82CA577DF5B6}.Release|Any CPU.ActiveCfg = Release|Any CPU
		{ED2AA561-7BA4-4B71-A86E-82CA577DF5B6}.Release|Any CPU.Build.0 = Release|Any CPU
		{5F3408D0-C9A8-41DC-91A6-570EBC91B53A}.Debug|Any CPU.ActiveCfg = Debug|Any CPU
		{5F3408D0-C9A8-41DC-91A6-570EBC91B53A}.Debug|Any CPU.Build.0 = Debug|Any CPU
		{5F3408D0-C9A8-41DC-91A6-570EBC91B53A}.Release|Any CPU.ActiveCfg = Release|Any CPU
		{5F3408D0-C9A8-41DC-91A6-570EBC91B53A}.Release|Any CPU.Build.0 = Release|Any CPU
	EndGlobalSection
EndGlobal
